
Microsoft Visual Studio Solution File, Format Version 12.00
# Visual Studio Version 16
VisualStudioVersion = 16.0.30114.105
MinimumVisualStudioVersion = 10.0.40219.1
Project("{FAE04EC0-301F-11D3-BF4B-00C04F79EFBC}") = "DotNetNoteCore", "DotNetNoteCore.csproj", "{70FC35B7-F32F-43F4-9A49-E7954CBAEF44}"
EndProject
Global
	GlobalSection(SolutionConfigurationPlatforms) = preSolution
		Debug|Any CPU = Debug|Any CPU
		Release|Any CPU = Release|Any CPU
	EndGlobalSection
	GlobalSection(ProjectConfigurationPlatforms) = postSolution
		{70FC35B7-F32F-43F4-9A49-E7954CBAEF44}.Debug|Any CPU.ActiveCfg = Debug|Any CPU
		{70FC35B7-F32F-43F4-9A49-E7954CBAEF44}.Debug|Any CPU.Build.0 = Debug|Any CPU
		{70FC35B7-F32F-43F4-9A49-E7954CBAEF44}.Release|Any CPU.ActiveCfg = Release|Any CPU
		{70FC35B7-F32F-43F4-9A49-E7954CBAEF44}.Release|Any CPU.Build.0 = Release|Any CPU
	EndGlobalSection
	GlobalSection(SolutionProperties) = preSolution
		HideSolutionNode = FALSE
	EndGlobalSection
	GlobalSection(ExtensibilityGlobals) = postSolution
		SolutionGuid = {70ADA634-69B8-46F1-BBFA-E2AD6C05D94F}
	EndGlobalSection
EndGlobal
